
Microsoft Visual Studio Solution File, Format Version 12.00
# Visual Studio Version 16
VisualStudioVersion = 16.0.30413.136
MinimumVisualStudioVersion = 12.0
Project("{8BC9CEB8-8B4A-11D0-8D11-00A0C91BC942}") = "TobiiHid", "drivers\tobii\TobiiHid.vcxproj", "{CD1D0FA6-08E7-46FC-B119-D65B8D52C2E1}"
EndProject
Project("{FAE04EC0-301F-11D3-BF4B-00C04F79EFBC}") = "GazeHidTest", "GazeHidTest\GazeHidTest.csproj", "{D72860E6-022A-4E2A-BA65-63C3119F53F1}"
EndProject
Project("{8BC9CEB8-8B4A-11D0-8D11-00A0C91BC942}") = "swdevice", "swdevice\swdevice.vcxproj", "{FCE2D1CE-04AE-4BFF-BBEA-52ED87B8182F}"
EndProject
Project("{8BC9CEB8-8B4A-11D0-8D11-00A0C91BC942}") = "EyeTechHid", "drivers\eyetech\eyetech.vcxproj", "{B388B879-34CF-4DCA-9446-C58E99FF791B}"
EndProject
Project("{8BC9CEB8-8B4A-11D0-8D11-00A0C91BC942}") = "testvhid", "testvhid\testvhid.vcxproj", "{52B4AF60-09E2-4C74-804C-08E5BF7ACA1E}"
EndProject
Project("{8BC9CEB8-8B4A-11D0-8D11-00A0C91BC942}") = "GazePointHid", "drivers\gazepoint\gazepoint.vcxproj", "{53C2BBAA-6832-404A-BB1C-354942879EFD}"
EndProject
Project("{8BC9CEB8-8B4A-11D0-8D11-00A0C91BC942}") = "GhostHid", "drivers\ghost\GhostHid.vcxproj", "{FBC3934A-9969-4D56-A62F-EE43ED80D750}"
EndProject
Project("{8BC9CEB8-8B4A-11D0-8D11-00A0C91BC942}") = "EyeGazeIoctlTestApp", "EyeGazeIoctlTestApp\EyeGazeIoctlTestApp.vcxproj", "{75543620-9418-47AF-BB1D-11F6523F79D3}"
EndProject
Project("{FAE04EC0-301F-11D3-BF4B-00C04F79EFBC}") = "GazeTracing", "GazeTracing\GazeTracing.csproj", "{421AFD8C-09F0-4594-9E10-705660090E76}"
EndProject
Project("{2150E333-8FDC-42A3-9474-1A3956D46DE8}") = "Drivers", "Drivers", "{DAB9B570-101C-4F5E-A46D-AD203FC06CA1}"
EndProject
Project("{2150E333-8FDC-42A3-9474-1A3956D46DE8}") = "TestTools", "TestTools", "{A979E696-56B7-410C-B0BF-E5F16DEF92B5}"
EndProject
Project("{8BC9CEB8-8B4A-11D0-8D11-00A0C91BC942}") = "EyeGazeIoctlLibrary", "EyeGazeIoctlLibrary\EyeGazeIoctlLibrary.vcxproj", "{14292A32-2837-41EA-9AF9-7EDDB5819D00}"
EndProject
Project("{8BC9CEB8-8B4A-11D0-8D11-00A0C91BC942}") = "EyeGazeIoctlLibraryTestC", "EyeGazeIoctlLibraryTestC\EyeGazeIoctlLibraryTestC.vcxproj", "{D95D4F4F-29C5-414E-8E34-9D9C5384F125}"
	ProjectSection(ProjectDependencies) = postProject
		{14292A32-2837-41EA-9AF9-7EDDB5819D00} = {14292A32-2837-41EA-9AF9-7EDDB5819D00}
	EndProjectSection
EndProject
Project("{2150E333-8FDC-42A3-9474-1A3956D46DE8}") = "Dll", "Dll", "{3C947149-7A10-4C1F-B4D2-5F0BC8694984}"
EndProject
Project("{888888A0-9F3D-457C-B088-3A5042F75D52}") = "EyeGazeIoctlLibraryTestPython", "EyeGazeIoctlLibraryTestPython\EyeGazeIoctlLibraryTestPython.pyproj", "{1A37CBAC-6E2D-42B1-95C3-1D069DF0DD75}"
EndProject
Project("{FAE04EC0-301F-11D3-BF4B-00C04F79EFBC}") = "EyeGazeProtocolHandler", "EyeGazeProtocolHandler\EyeGazeProtocolHandler.csproj", "{BB492FDA-F7F0-4805-8950-9F93356EA9B6}"
EndProject
Project("{2150E333-8FDC-42A3-9474-1A3956D46DE8}") = "Documentation", "Documentation", "{ECAE51DC-5F5A-46D0-8A6B-2FB97BC16086}"
	ProjectSection(SolutionItems) = preProject
		Documentation\debugging_resources.md = Documentation\debugging_resources.md
		Documentation\EyeGazeIoctl.md = Documentation\EyeGazeIoctl.md
		Documentation\Gaze Data Flow.pptx = Documentation\Gaze Data Flow.pptx
		README.md = README.md
		Documentation\swdevice_vhidmini.md = Documentation\swdevice_vhidmini.md
	EndProjectSection
EndProject
Global
	GlobalSection(SolutionConfigurationPlatforms) = preSolution
		Debug|Any CPU = Debug|Any CPU
		Debug|ARM = Debug|ARM
		Debug|ARM64 = Debug|ARM64
		Debug|x64 = Debug|x64
		Debug|x86 = Debug|x86
		Release|Any CPU = Release|Any CPU
		Release|ARM = Release|ARM
		Release|ARM64 = Release|ARM64
		Release|x64 = Release|x64
		Release|x86 = Release|x86
	EndGlobalSection
	GlobalSection(ProjectConfigurationPlatforms) = postSolution
		{CD1D0FA6-08E7-46FC-B119-D65B8D52C2E1}.Debug|Any CPU.ActiveCfg = Debug|x64
		{CD1D0FA6-08E7-46FC-B119-D65B8D52C2E1}.Debug|ARM.ActiveCfg = Debug|x64
		{CD1D0FA6-08E7-46FC-B119-D65B8D52C2E1}.Debug|ARM64.ActiveCfg = Debug|x64
		{CD1D0FA6-08E7-46FC-B119-D65B8D52C2E1}.Debug|x64.ActiveCfg = Debug|x64
		{CD1D0FA6-08E7-46FC-B119-D65B8D52C2E1}.Debug|x64.Build.0 = Debug|x64
		{CD1D0FA6-08E7-46FC-B119-D65B8D52C2E1}.Debug|x86.ActiveCfg = Debug|x64
		{CD1D0FA6-08E7-46FC-B119-D65B8D52C2E1}.Release|Any CPU.ActiveCfg = Release|x64
		{CD1D0FA6-08E7-46FC-B119-D65B8D52C2E1}.Release|ARM.ActiveCfg = Release|x64
		{CD1D0FA6-08E7-46FC-B119-D65B8D52C2E1}.Release|ARM64.ActiveCfg = Release|x64
		{CD1D0FA6-08E7-46FC-B119-D65B8D52C2E1}.Release|x64.ActiveCfg = Release|x64
		{CD1D0FA6-08E7-46FC-B119-D65B8D52C2E1}.Release|x64.Build.0 = Release|x64
		{CD1D0FA6-08E7-46FC-B119-D65B8D52C2E1}.Release|x86.ActiveCfg = Release|x64
		{D72860E6-022A-4E2A-BA65-63C3119F53F1}.Debug|Any CPU.ActiveCfg = Debug|x64
		{D72860E6-022A-4E2A-BA65-63C3119F53F1}.Debug|ARM.ActiveCfg = Debug|x64
		{D72860E6-022A-4E2A-BA65-63C3119F53F1}.Debug|ARM64.ActiveCfg = Debug|x64
		{D72860E6-022A-4E2A-BA65-63C3119F53F1}.Debug|x64.ActiveCfg = Debug|x64
		{D72860E6-022A-4E2A-BA65-63C3119F53F1}.Debug|x64.Build.0 = Debug|x64
		{D72860E6-022A-4E2A-BA65-63C3119F53F1}.Debug|x64.Deploy.0 = Debug|x64
		{D72860E6-022A-4E2A-BA65-63C3119F53F1}.Debug|x86.ActiveCfg = Debug|x64
		{D72860E6-022A-4E2A-BA65-63C3119F53F1}.Release|Any CPU.ActiveCfg = Release|x64
		{D72860E6-022A-4E2A-BA65-63C3119F53F1}.Release|ARM.ActiveCfg = Release|x64
		{D72860E6-022A-4E2A-BA65-63C3119F53F1}.Release|ARM64.ActiveCfg = Release|x64
		{D72860E6-022A-4E2A-BA65-63C3119F53F1}.Release|x64.ActiveCfg = Release|x64
		{D72860E6-022A-4E2A-BA65-63C3119F53F1}.Release|x64.Build.0 = Release|x64
		{D72860E6-022A-4E2A-BA65-63C3119F53F1}.Release|x64.Deploy.0 = Release|x64
		{D72860E6-022A-4E2A-BA65-63C3119F53F1}.Release|x86.ActiveCfg = Release|x64
		{FCE2D1CE-04AE-4BFF-BBEA-52ED87B8182F}.Debug|Any CPU.ActiveCfg = Debug|x64
		{FCE2D1CE-04AE-4BFF-BBEA-52ED87B8182F}.Debug|ARM.ActiveCfg = Debug|x64
		{FCE2D1CE-04AE-4BFF-BBEA-52ED87B8182F}.Debug|ARM64.ActiveCfg = Debug|x64
		{FCE2D1CE-04AE-4BFF-BBEA-52ED87B8182F}.Debug|x64.ActiveCfg = Debug|x64
		{FCE2D1CE-04AE-4BFF-BBEA-52ED87B8182F}.Debug|x64.Build.0 = Debug|x64
		{FCE2D1CE-04AE-4BFF-BBEA-52ED87B8182F}.Debug|x86.ActiveCfg = Debug|x64
		{FCE2D1CE-04AE-4BFF-BBEA-52ED87B8182F}.Release|Any CPU.ActiveCfg = Release|x64
		{FCE2D1CE-04AE-4BFF-BBEA-52ED87B8182F}.Release|ARM.ActiveCfg = Release|x64
		{FCE2D1CE-04AE-4BFF-BBEA-52ED87B8182F}.Release|ARM64.ActiveCfg = Release|x64
		{FCE2D1CE-04AE-4BFF-BBEA-52ED87B8182F}.Release|x64.ActiveCfg = Release|x64
		{FCE2D1CE-04AE-4BFF-BBEA-52ED87B8182F}.Release|x64.Build.0 = Release|x64
		{FCE2D1CE-04AE-4BFF-BBEA-52ED87B8182F}.Release|x86.ActiveCfg = Release|x64
		{B388B879-34CF-4DCA-9446-C58E99FF791B}.Debug|Any CPU.ActiveCfg = Debug|x64
		{B388B879-34CF-4DCA-9446-C58E99FF791B}.Debug|ARM.ActiveCfg = Debug|x64
		{B388B879-34CF-4DCA-9446-C58E99FF791B}.Debug|ARM64.ActiveCfg = Debug|x64
		{B388B879-34CF-4DCA-9446-C58E99FF791B}.Debug|x64.ActiveCfg = Debug|x64
		{B388B879-34CF-4DCA-9446-C58E99FF791B}.Debug|x64.Build.0 = Debug|x64
		{B388B879-34CF-4DCA-9446-C58E99FF791B}.Debug|x64.Deploy.0 = Debug|x64
		{B388B879-34CF-4DCA-9446-C58E99FF791B}.Debug|x86.ActiveCfg = Debug|x64
		{B388B879-34CF-4DCA-9446-C58E99FF791B}.Release|Any CPU.ActiveCfg = Release|x64
		{B388B879-34CF-4DCA-9446-C58E99FF791B}.Release|ARM.ActiveCfg = Release|x64
		{B388B879-34CF-4DCA-9446-C58E99FF791B}.Release|ARM64.ActiveCfg = Release|x64
		{B388B879-34CF-4DCA-9446-C58E99FF791B}.Release|x64.ActiveCfg = Release|x64
		{B388B879-34CF-4DCA-9446-C58E99FF791B}.Release|x64.Build.0 = Release|x64
		{B388B879-34CF-4DCA-9446-C58E99FF791B}.Release|x64.Deploy.0 = Release|x64
		{B388B879-34CF-4DCA-9446-C58E99FF791B}.Release|x86.ActiveCfg = Release|x64
		{52B4AF60-09E2-4C74-804C-08E5BF7ACA1E}.Debug|Any CPU.ActiveCfg = Debug|x64
		{52B4AF60-09E2-4C74-804C-08E5BF7ACA1E}.Debug|ARM.ActiveCfg = Debug|x64
		{52B4AF60-09E2-4C74-804C-08E5BF7ACA1E}.Debug|ARM64.ActiveCfg = Debug|x64
		{52B4AF60-09E2-4C74-804C-08E5BF7ACA1E}.Debug|x64.ActiveCfg = Debug|x64
		{52B4AF60-09E2-4C74-804C-08E5BF7ACA1E}.Debug|x64.Build.0 = Debug|x64
		{52B4AF60-09E2-4C74-804C-08E5BF7ACA1E}.Debug|x86.ActiveCfg = Debug|x64
		{52B4AF60-09E2-4C74-804C-08E5BF7ACA1E}.Release|Any CPU.ActiveCfg = Release|x64
		{52B4AF60-09E2-4C74-804C-08E5BF7ACA1E}.Release|ARM.ActiveCfg = Release|x64
		{52B4AF60-09E2-4C74-804C-08E5BF7ACA1E}.Release|ARM64.ActiveCfg = Release|x64
		{52B4AF60-09E2-4C74-804C-08E5BF7ACA1E}.Release|x64.ActiveCfg = Release|x64
		{52B4AF60-09E2-4C74-804C-08E5BF7ACA1E}.Release|x64.Build.0 = Release|x64
		{52B4AF60-09E2-4C74-804C-08E5BF7ACA1E}.Release|x86.ActiveCfg = Release|x64
		{53C2BBAA-6832-404A-BB1C-354942879EFD}.Debug|Any CPU.ActiveCfg = Debug|x64
		{53C2BBAA-6832-404A-BB1C-354942879EFD}.Debug|ARM.ActiveCfg = Debug|x64
		{53C2BBAA-6832-404A-BB1C-354942879EFD}.Debug|ARM64.ActiveCfg = Debug|x64
		{53C2BBAA-6832-404A-BB1C-354942879EFD}.Debug|x64.ActiveCfg = Debug|x64
		{53C2BBAA-6832-404A-BB1C-354942879EFD}.Debug|x64.Build.0 = Debug|x64
		{53C2BBAA-6832-404A-BB1C-354942879EFD}.Debug|x64.Deploy.0 = Debug|x64
		{53C2BBAA-6832-404A-BB1C-354942879EFD}.Debug|x86.ActiveCfg = Debug|x64
		{53C2BBAA-6832-404A-BB1C-354942879EFD}.Release|Any CPU.ActiveCfg = Release|x64
		{53C2BBAA-6832-404A-BB1C-354942879EFD}.Release|ARM.ActiveCfg = Release|x64
		{53C2BBAA-6832-404A-BB1C-354942879EFD}.Release|ARM64.ActiveCfg = Release|x64
		{53C2BBAA-6832-404A-BB1C-354942879EFD}.Release|x64.ActiveCfg = Release|x64
		{53C2BBAA-6832-404A-BB1C-354942879EFD}.Release|x64.Build.0 = Release|x64
		{53C2BBAA-6832-404A-BB1C-354942879EFD}.Release|x64.Deploy.0 = Release|x64
		{53C2BBAA-6832-404A-BB1C-354942879EFD}.Release|x86.ActiveCfg = Release|x64
		{FBC3934A-9969-4D56-A62F-EE43ED80D750}.Debug|Any CPU.ActiveCfg = Debug|x64
		{FBC3934A-9969-4D56-A62F-EE43ED80D750}.Debug|ARM.ActiveCfg = Debug|x64
		{FBC3934A-9969-4D56-A62F-EE43ED80D750}.Debug|ARM64.ActiveCfg = Debug|x64
		{FBC3934A-9969-4D56-A62F-EE43ED80D750}.Debug|x64.ActiveCfg = Debug|x64
		{FBC3934A-9969-4D56-A62F-EE43ED80D750}.Debug|x64.Build.0 = Debug|x64
		{FBC3934A-9969-4D56-A62F-EE43ED80D750}.Debug|x64.Deploy.0 = Debug|x64
		{FBC3934A-9969-4D56-A62F-EE43ED80D750}.Debug|x86.ActiveCfg = Debug|x64
		{FBC3934A-9969-4D56-A62F-EE43ED80D750}.Release|Any CPU.ActiveCfg = Release|x64
		{FBC3934A-9969-4D56-A62F-EE43ED80D750}.Release|ARM.ActiveCfg = Release|x64
		{FBC3934A-9969-4D56-A62F-EE43ED80D750}.Release|ARM64.ActiveCfg = Release|x64
		{FBC3934A-9969-4D56-A62F-EE43ED80D750}.Release|x64.ActiveCfg = Release|x64
		{FBC3934A-9969-4D56-A62F-EE43ED80D750}.Release|x64.Build.0 = Release|x64
		{FBC3934A-9969-4D56-A62F-EE43ED80D750}.Release|x64.Deploy.0 = Release|x64
		{FBC3934A-9969-4D56-A62F-EE43ED80D750}.Release|x86.ActiveCfg = Release|x64
		{75543620-9418-47AF-BB1D-11F6523F79D3}.Debug|Any CPU.ActiveCfg = Debug|Win32
		{75543620-9418-47AF-BB1D-11F6523F79D3}.Debug|ARM.ActiveCfg = Debug|ARM
		{75543620-9418-47AF-BB1D-11F6523F79D3}.Debug|ARM.Build.0 = Debug|ARM
		{75543620-9418-47AF-BB1D-11F6523F79D3}.Debug|ARM64.ActiveCfg = Debug|ARM64
		{75543620-9418-47AF-BB1D-11F6523F79D3}.Debug|ARM64.Build.0 = Debug|ARM64
		{75543620-9418-47AF-BB1D-11F6523F79D3}.Debug|x64.ActiveCfg = Debug|x64
		{75543620-9418-47AF-BB1D-11F6523F79D3}.Debug|x64.Build.0 = Debug|x64
		{75543620-9418-47AF-BB1D-11F6523F79D3}.Debug|x86.ActiveCfg = Debug|Win32
		{75543620-9418-47AF-BB1D-11F6523F79D3}.Debug|x86.Build.0 = Debug|Win32
		{75543620-9418-47AF-BB1D-11F6523F79D3}.Release|Any CPU.ActiveCfg = Release|Win32
		{75543620-9418-47AF-BB1D-11F6523F79D3}.Release|ARM.ActiveCfg = Release|ARM
		{75543620-9418-47AF-BB1D-11F6523F79D3}.Release|ARM.Build.0 = Release|ARM
		{75543620-9418-47AF-BB1D-11F6523F79D3}.Release|ARM64.ActiveCfg = Release|ARM64
		{75543620-9418-47AF-BB1D-11F6523F79D3}.Release|ARM64.Build.0 = Release|ARM64
		{75543620-9418-47AF-BB1D-11F6523F79D3}.Release|x64.ActiveCfg = Release|x64
		{75543620-9418-47AF-BB1D-11F6523F79D3}.Release|x64.Build.0 = Release|x64
		{75543620-9418-47AF-BB1D-11F6523F79D3}.Release|x86.ActiveCfg = Release|Win32
		{75543620-9418-47AF-BB1D-11F6523F79D3}.Release|x86.Build.0 = Release|Win32
		{421AFD8C-09F0-4594-9E10-705660090E76}.Debug|Any CPU.ActiveCfg = Debug|x86
		{421AFD8C-09F0-4594-9E10-705660090E76}.Debug|ARM.ActiveCfg = Debug|ARM
		{421AFD8C-09F0-4594-9E10-705660090E76}.Debug|ARM.Build.0 = Debug|ARM
		{421AFD8C-09F0-4594-9E10-705660090E76}.Debug|ARM.Deploy.0 = Debug|ARM
		{421AFD8C-09F0-4594-9E10-705660090E76}.Debug|ARM64.ActiveCfg = Debug|ARM64
		{421AFD8C-09F0-4594-9E10-705660090E76}.Debug|ARM64.Build.0 = Debug|ARM64
		{421AFD8C-09F0-4594-9E10-705660090E76}.Debug|ARM64.Deploy.0 = Debug|ARM64
		{421AFD8C-09F0-4594-9E10-705660090E76}.Debug|x64.ActiveCfg = Debug|x64
		{421AFD8C-09F0-4594-9E10-705660090E76}.Debug|x64.Build.0 = Debug|x64
		{421AFD8C-09F0-4594-9E10-705660090E76}.Debug|x64.Deploy.0 = Debug|x64
		{421AFD8C-09F0-4594-9E10-705660090E76}.Debug|x86.ActiveCfg = Debug|x86
		{421AFD8C-09F0-4594-9E10-705660090E76}.Debug|x86.Build.0 = Debug|x86
		{421AFD8C-09F0-4594-9E10-705660090E76}.Debug|x86.Deploy.0 = Debug|x86
		{421AFD8C-09F0-4594-9E10-705660090E76}.Release|Any CPU.ActiveCfg = Release|x86
		{421AFD8C-09F0-4594-9E10-705660090E76}.Release|ARM.ActiveCfg = Release|ARM
		{421AFD8C-09F0-4594-9E10-705660090E76}.Release|ARM.Build.0 = Release|ARM
		{421AFD8C-09F0-4594-9E10-705660090E76}.Release|ARM.Deploy.0 = Release|ARM
		{421AFD8C-09F0-4594-9E10-705660090E76}.Release|ARM64.ActiveCfg = Release|ARM64
		{421AFD8C-09F0-4594-9E10-705660090E76}.Release|ARM64.Build.0 = Release|ARM64
		{421AFD8C-09F0-4594-9E10-705660090E76}.Release|ARM64.Deploy.0 = Release|ARM64
		{421AFD8C-09F0-4594-9E10-705660090E76}.Release|x64.ActiveCfg = Release|x64
		{421AFD8C-09F0-4594-9E10-705660090E76}.Release|x64.Build.0 = Release|x64
		{421AFD8C-09F0-4594-9E10-705660090E76}.Release|x64.Deploy.0 = Release|x64
		{421AFD8C-09F0-4594-9E10-705660090E76}.Release|x86.ActiveCfg = Release|x86
		{421AFD8C-09F0-4594-9E10-705660090E76}.Release|x86.Build.0 = Release|x86
		{421AFD8C-09F0-4594-9E10-705660090E76}.Release|x86.Deploy.0 = Release|x86
		{14292A32-2837-41EA-9AF9-7EDDB5819D00}.Debug|Any CPU.ActiveCfg = Debug|Win32
		{14292A32-2837-41EA-9AF9-7EDDB5819D00}.Debug|ARM.ActiveCfg = Debug|Win32
		{14292A32-2837-41EA-9AF9-7EDDB5819D00}.Debug|ARM64.ActiveCfg = Debug|Win32
		{14292A32-2837-41EA-9AF9-7EDDB5819D00}.Debug|x64.ActiveCfg = Debug|x64
		{14292A32-2837-41EA-9AF9-7EDDB5819D00}.Debug|x64.Build.0 = Debug|x64
		{14292A32-2837-41EA-9AF9-7EDDB5819D00}.Debug|x86.ActiveCfg = Debug|Win32
		{14292A32-2837-41EA-9AF9-7EDDB5819D00}.Debug|x86.Build.0 = Debug|Win32
		{14292A32-2837-41EA-9AF9-7EDDB5819D00}.Release|Any CPU.ActiveCfg = Release|Win32
		{14292A32-2837-41EA-9AF9-7EDDB5819D00}.Release|ARM.ActiveCfg = Release|Win32
		{14292A32-2837-41EA-9AF9-7EDDB5819D00}.Release|ARM64.ActiveCfg = Release|Win32
		{14292A32-2837-41EA-9AF9-7EDDB5819D00}.Release|x64.ActiveCfg = Release|x64
		{14292A32-2837-41EA-9AF9-7EDDB5819D00}.Release|x64.Build.0 = Release|x64
		{14292A32-2837-41EA-9AF9-7EDDB5819D00}.Release|x86.ActiveCfg = Release|Win32
		{14292A32-2837-41EA-9AF9-7EDDB5819D00}.Release|x86.Build.0 = Release|Win32
		{D95D4F4F-29C5-414E-8E34-9D9C5384F125}.Debug|Any CPU.ActiveCfg = Debug|Win32
		{D95D4F4F-29C5-414E-8E34-9D9C5384F125}.Debug|ARM.ActiveCfg = Debug|Win32
		{D95D4F4F-29C5-414E-8E34-9D9C5384F125}.Debug|ARM64.ActiveCfg = Debug|Win32
		{D95D4F4F-29C5-414E-8E34-9D9C5384F125}.Debug|x64.ActiveCfg = Debug|x64
		{D95D4F4F-29C5-414E-8E34-9D9C5384F125}.Debug|x64.Build.0 = Debug|x64
		{D95D4F4F-29C5-414E-8E34-9D9C5384F125}.Debug|x86.ActiveCfg = Debug|Win32
		{D95D4F4F-29C5-414E-8E34-9D9C5384F125}.Debug|x86.Build.0 = Debug|Win32
		{D95D4F4F-29C5-414E-8E34-9D9C5384F125}.Release|Any CPU.ActiveCfg = Release|Win32
		{D95D4F4F-29C5-414E-8E34-9D9C5384F125}.Release|ARM.ActiveCfg = Release|Win32
		{D95D4F4F-29C5-414E-8E34-9D9C5384F125}.Release|ARM64.ActiveCfg = Release|Win32
		{D95D4F4F-29C5-414E-8E34-9D9C5384F125}.Release|x64.ActiveCfg = Release|x64
		{D95D4F4F-29C5-414E-8E34-9D9C5384F125}.Release|x64.Build.0 = Release|x64
		{D95D4F4F-29C5-414E-8E34-9D9C5384F125}.Release|x86.ActiveCfg = Release|Win32
		{D95D4F4F-29C5-414E-8E34-9D9C5384F125}.Release|x86.Build.0 = Release|Win32
		{1A37CBAC-6E2D-42B1-95C3-1D069DF0DD75}.Debug|Any CPU.ActiveCfg = Debug|Any CPU
		{1A37CBAC-6E2D-42B1-95C3-1D069DF0DD75}.Debug|ARM.ActiveCfg = Debug|Any CPU
		{1A37CBAC-6E2D-42B1-95C3-1D069DF0DD75}.Debug|ARM64.ActiveCfg = Debug|Any CPU
		{1A37CBAC-6E2D-42B1-95C3-1D069DF0DD75}.Debug|x64.ActiveCfg = Debug|Any CPU
		{1A37CBAC-6E2D-42B1-95C3-1D069DF0DD75}.Debug|x86.ActiveCfg = Debug|Any CPU
		{1A37CBAC-6E2D-42B1-95C3-1D069DF0DD75}.Release|Any CPU.ActiveCfg = Release|Any CPU
		{1A37CBAC-6E2D-42B1-95C3-1D069DF0DD75}.Release|ARM.ActiveCfg = Release|Any CPU
		{1A37CBAC-6E2D-42B1-95C3-1D069DF0DD75}.Release|ARM64.ActiveCfg = Release|Any CPU
		{1A37CBAC-6E2D-42B1-95C3-1D069DF0DD75}.Release|x64.ActiveCfg = Release|Any CPU
		{1A37CBAC-6E2D-42B1-95C3-1D069DF0DD75}.Release|x86.ActiveCfg = Release|Any CPU
		{BB492FDA-F7F0-4805-8950-9F93356EA9B6}.Debug|Any CPU.ActiveCfg = Debug|x86
		{BB492FDA-F7F0-4805-8950-9F93356EA9B6}.Debug|ARM.ActiveCfg = Debug|ARM
		{BB492FDA-F7F0-4805-8950-9F93356EA9B6}.Debug|ARM.Build.0 = Debug|ARM
		{BB492FDA-F7F0-4805-8950-9F93356EA9B6}.Debug|ARM.Deploy.0 = Debug|ARM
		{BB492FDA-F7F0-4805-8950-9F93356EA9B6}.Debug|ARM64.ActiveCfg = Debug|ARM64
		{BB492FDA-F7F0-4805-8950-9F93356EA9B6}.Debug|ARM64.Build.0 = Debug|ARM64
		{BB492FDA-F7F0-4805-8950-9F93356EA9B6}.Debug|ARM64.Deploy.0 = Debug|ARM64
		{BB492FDA-F7F0-4805-8950-9F93356EA9B6}.Debug|x64.ActiveCfg = Debug|x64
		{BB492FDA-F7F0-4805-8950-9F93356EA9B6}.Debug|x64.Build.0 = Debug|x64
		{BB492FDA-F7F0-4805-8950-9F93356EA9B6}.Debug|x64.Deploy.0 = Debug|x64
		{BB492FDA-F7F0-4805-8950-9F93356EA9B6}.Debug|x86.ActiveCfg = Debug|x86
		{BB492FDA-F7F0-4805-8950-9F93356EA9B6}.Debug|x86.Build.0 = Debug|x86
		{BB492FDA-F7F0-4805-8950-9F93356EA9B6}.Debug|x86.Deploy.0 = Debug|x86
		{BB492FDA-F7F0-4805-8950-9F93356EA9B6}.Release|Any CPU.ActiveCfg = Release|x86
		{BB492FDA-F7F0-4805-8950-9F93356EA9B6}.Release|ARM.ActiveCfg = Release|ARM
		{BB492FDA-F7F0-4805-8950-9F93356EA9B6}.Release|ARM.Build.0 = Release|ARM
		{BB492FDA-F7F0-4805-8950-9F93356EA9B6}.Release|ARM.Deploy.0 = Release|ARM
		{BB492FDA-F7F0-4805-8950-9F93356EA9B6}.Release|ARM64.ActiveCfg = Release|ARM64
		{BB492FDA-F7F0-4805-8950-9F93356EA9B6}.Release|ARM64.Build.0 = Release|ARM64
		{BB492FDA-F7F0-4805-8950-9F93356EA9B6}.Release|ARM64.Deploy.0 = Release|ARM64
		{BB492FDA-F7F0-4805-8950-9F93356EA9B6}.Release|x64.ActiveCfg = Release|x64
		{BB492FDA-F7F0-4805-8950-9F93356EA9B6}.Release|x64.Build.0 = Release|x64
		{BB492FDA-F7F0-4805-8950-9F93356EA9B6}.Release|x64.Deploy.0 = Release|x64
		{BB492FDA-F7F0-4805-8950-9F93356EA9B6}.Release|x86.ActiveCfg = Release|x86
		{BB492FDA-F7F0-4805-8950-9F93356EA9B6}.Release|x86.Build.0 = Release|x86
		{BB492FDA-F7F0-4805-8950-9F93356EA9B6}.Release|x86.Deploy.0 = Release|x86
	EndGlobalSection
	GlobalSection(SolutionProperties) = preSolution
		HideSolutionNode = FALSE
	EndGlobalSection
	GlobalSection(NestedProjects) = preSolution
		{CD1D0FA6-08E7-46FC-B119-D65B8D52C2E1} = {DAB9B570-101C-4F5E-A46D-AD203FC06CA1}
		{D72860E6-022A-4E2A-BA65-63C3119F53F1} = {A979E696-56B7-410C-B0BF-E5F16DEF92B5}
		{B388B879-34CF-4DCA-9446-C58E99FF791B} = {DAB9B570-101C-4F5E-A46D-AD203FC06CA1}
		{52B4AF60-09E2-4C74-804C-08E5BF7ACA1E} = {A979E696-56B7-410C-B0BF-E5F16DEF92B5}
		{53C2BBAA-6832-404A-BB1C-354942879EFD} = {DAB9B570-101C-4F5E-A46D-AD203FC06CA1}
		{FBC3934A-9969-4D56-A62F-EE43ED80D750} = {DAB9B570-101C-4F5E-A46D-AD203FC06CA1}
		{421AFD8C-09F0-4594-9E10-705660090E76} = {A979E696-56B7-410C-B0BF-E5F16DEF92B5}
		{14292A32-2837-41EA-9AF9-7EDDB5819D00} = {3C947149-7A10-4C1F-B4D2-5F0BC8694984}
		{D95D4F4F-29C5-414E-8E34-9D9C5384F125} = {3C947149-7A10-4C1F-B4D2-5F0BC8694984}
		{1A37CBAC-6E2D-42B1-95C3-1D069DF0DD75} = {3C947149-7A10-4C1F-B4D2-5F0BC8694984}
		{BB492FDA-F7F0-4805-8950-9F93356EA9B6} = {A979E696-56B7-410C-B0BF-E5F16DEF92B5}
	EndGlobalSection
	GlobalSection(ExtensibilityGlobals) = postSolution
		SolutionGuid = {20F6B462-6E9F-44A2-9996-1F8527591EA1}
	EndGlobalSection
EndGlobal
